
Microsoft Visual Studio Solution File, Format Version 12.00
# Visual Studio Version 16
VisualStudioVersion = 16.0.31729.503
MinimumVisualStudioVersion = 10.0.40219.1
Project("{FAE04EC0-301F-11D3-BF4B-00C04F79EFBC}") = "gp-vs2019-pullrequestDemo", "gp-vs2019-pullrequestDemo\gp-vs2019-pullrequestDemo.csproj", "{2A4E7F6A-36B8-4D19-B17F-4BB94648FB39}"
EndProject
Global
	GlobalSection(SolutionConfigurationPlatforms) = preSolution
		Debug|Any CPU = Debug|Any CPU
		Release|Any CPU = Release|Any CPU
	EndGlobalSection
	GlobalSection(ProjectConfigurationPlatforms) = postSolution
		{2A4E7F6A-36B8-4D19-B17F-4BB94648FB39}.Debug|Any CPU.ActiveCfg = Debug|Any CPU
		{2A4E7F6A-36B8-4D19-B17F-4BB94648FB39}.Debug|Any CPU.Build.0 = Debug|Any CPU
		{2A4E7F6A-36B8-4D19-B17F-4BB94648FB39}.Release|Any CPU.ActiveCfg = Release|Any CPU
		{2A4E7F6A-36B8-4D19-B17F-4BB94648FB39}.Release|Any CPU.Build.0 = Release|Any CPU
	EndGlobalSection
	GlobalSection(SolutionProperties) = preSolution
		HideSolutionNode = FALSE
	EndGlobalSection
	GlobalSection(ExtensibilityGlobals) = postSolution
		SolutionGuid = {ADF7A7D7-1324-4B9A-8283-4301B0F0544F}
	EndGlobalSection
EndGlobal
